
Microsoft Visual Studio Solution File, Format Version 12.00
# Visual Studio Version 16
VisualStudioVersion = 16.0.30709.132
MinimumVisualStudioVersion = 10.0.40219.1
Project("{FAE04EC0-301F-11D3-BF4B-00C04F79EFBC}") = "Pizza", "Pizza\Pizza.csproj", "{C3A3F030-6997-45CB-9C57-D17CE7AC5D6E}"
EndProject
Project("{FAE04EC0-301F-11D3-BF4B-00C04F79EFBC}") = "DAL", "DAL\DAL.csproj", "{8DF835F3-8BF5-4A7A-869A-41372010B631}"
EndProject
Project("{FAE04EC0-301F-11D3-BF4B-00C04F79EFBC}") = "Domain", "Domain\Domain.csproj", "{F17F93FD-F86B-43D5-9FC2-E75AAD40DD19}"
EndProject
Global
	GlobalSection(SolutionConfigurationPlatforms) = preSolution
		Debug|Any CPU = Debug|Any CPU
		Release|Any CPU = Release|Any CPU
	EndGlobalSection
	GlobalSection(ProjectConfigurationPlatforms) = postSolution
		{C3A3F030-6997-45CB-9C57-D17CE7AC5D6E}.Debug|Any CPU.ActiveCfg = Debug|Any CPU
		{C3A3F030-6997-45CB-9C57-D17CE7AC5D6E}.Debug|Any CPU.Build.0 = Debug|Any CPU
		{C3A3F030-6997-45CB-9C57-D17CE7AC5D6E}.Release|Any CPU.ActiveCfg = Release|Any CPU
		{C3A3F030-6997-45CB-9C57-D17CE7AC5D6E}.Release|Any CPU.Build.0 = Release|Any CPU
		{8DF835F3-8BF5-4A7A-869A-41372010B631}.Debug|Any CPU.ActiveCfg = Debug|Any CPU
		{8DF835F3-8BF5-4A7A-869A-41372010B631}.Debug|Any CPU.Build.0 = Debug|Any CPU
		{8DF835F3-8BF5-4A7A-869A-41372010B631}.Release|Any CPU.ActiveCfg = Release|Any CPU
		{8DF835F3-8BF5-4A7A-869A-41372010B631}.Release|Any CPU.Build.0 = Release|Any CPU
		{F17F93FD-F86B-43D5-9FC2-E75AAD40DD19}.Debug|Any CPU.ActiveCfg = Debug|Any CPU
		{F17F93FD-F86B-43D5-9FC2-E75AAD40DD19}.Debug|Any CPU.Build.0 = Debug|Any CPU
		{F17F93FD-F86B-43D5-9FC2-E75AAD40DD19}.Release|Any CPU.ActiveCfg = Release|Any CPU
		{F17F93FD-F86B-43D5-9FC2-E75AAD40DD19}.Release|Any CPU.Build.0 = Release|Any CPU
	EndGlobalSection
	GlobalSection(SolutionProperties) = preSolution
		HideSolutionNode = FALSE
	EndGlobalSection
	GlobalSection(ExtensibilityGlobals) = postSolution
		SolutionGuid = {0C3CFCC8-63DC-41CA-A42A-33EC0096141B}
	EndGlobalSection
EndGlobal
